
Microsoft Visual Studio Solution File, Format Version 12.00
# Visual Studio 2012
Project("{FAE04EC0-301F-11D3-BF4B-00C04F79EFBC}") = "GoingToBostonDiceGame", "GoingToBostonDiceGame\GoingToBostonDiceGame.csproj", "{B872A124-445C-4D65-B0E5-E114AEB2AF29}"
EndProject
Global
	GlobalSection(SolutionConfigurationPlatforms) = preSolution
		Debug|x86 = Debug|x86
		Release|x86 = Release|x86
	EndGlobalSection
	GlobalSection(ProjectConfigurationPlatforms) = postSolution
		{B872A124-445C-4D65-B0E5-E114AEB2AF29}.Debug|x86.ActiveCfg = Debug|x86
		{B872A124-445C-4D65-B0E5-E114AEB2AF29}.Debug|x86.Build.0 = Debug|x86
		{B872A124-445C-4D65-B0E5-E114AEB2AF29}.Release|x86.ActiveCfg = Release|x86
		{B872A124-445C-4D65-B0E5-E114AEB2AF29}.Release|x86.Build.0 = Release|x86
	EndGlobalSection
EndGlobal
